
Microsoft Visual Studio Solution File, Format Version 12.00
# Visual Studio Version 17
VisualStudioVersion = 17.6.33723.286
MinimumVisualStudioVersion = 10.0.40219.1
Project("{8BC9CEB8-8B4A-11D0-8D11-00A0C91BC942}") = "TeamProject01", "TeamProject01\TeamProject01.vcxproj", "{A16B12DA-27B9-4891-9270-B90B20791AB0}"
EndProject
Global
	GlobalSection(SolutionConfigurationPlatforms) = preSolution
		Debug|x64 = Debug|x64
		Debug|x86 = Debug|x86
		Release|x64 = Release|x64
		Release|x86 = Release|x86
	EndGlobalSection
	GlobalSection(ProjectConfigurationPlatforms) = postSolution
		{A16B12DA-27B9-4891-9270-B90B20791AB0}.Debug|x64.ActiveCfg = Debug|x64
		{A16B12DA-27B9-4891-9270-B90B20791AB0}.Debug|x64.Build.0 = Debug|x64
		{A16B12DA-27B9-4891-9270-B90B20791AB0}.Debug|x86.ActiveCfg = Debug|Win32
		{A16B12DA-27B9-4891-9270-B90B20791AB0}.Debug|x86.Build.0 = Debug|Win32
		{A16B12DA-27B9-4891-9270-B90B20791AB0}.Release|x64.ActiveCfg = Release|x64
		{A16B12DA-27B9-4891-9270-B90B20791AB0}.Release|x64.Build.0 = Release|x64
		{A16B12DA-27B9-4891-9270-B90B20791AB0}.Release|x86.ActiveCfg = Release|Win32
		{A16B12DA-27B9-4891-9270-B90B20791AB0}.Release|x86.Build.0 = Release|Win32
	EndGlobalSection
	GlobalSection(SolutionProperties) = preSolution
		HideSolutionNode = FALSE
	EndGlobalSection
	GlobalSection(ExtensibilityGlobals) = postSolution
		SolutionGuid = {48A6530B-B1DE-47A5-939D-BE120E6E1DA1}
	EndGlobalSection
EndGlobal
